
Microsoft Visual Studio Solution File, Format Version 12.00
# Visual Studio Version 16
VisualStudioVersion = 16.0.29905.134
MinimumVisualStudioVersion = 10.0.40219.1
Project("{9A19103F-16F7-4668-BE54-9A1E7A4F7556}") = "Producer", "Producer\Producer.csproj", "{4EE837F1-E20E-4EF6-895A-E66A1EC81B35}"
EndProject
Project("{9A19103F-16F7-4668-BE54-9A1E7A4F7556}") = "Consumer", "Consumer\Consumer.csproj", "{A1BBA2FD-7504-4606-841D-4915281CC874}"
EndProject
Project("{9A19103F-16F7-4668-BE54-9A1E7A4F7556}") = "Producer-Exchanges", "Producer-Exchanges\Producer-Exchanges.csproj", "{A81E4E64-9331-4F34-B577-565251CC3DDB}"
EndProject
Project("{2150E333-8FDC-42A3-9474-1A3956D46DE8}") = "1-Producer-Basic", "1-Producer-Basic", "{50AF2D04-3733-40DA-A32C-F05B366D76E3}"
EndProject
Project("{2150E333-8FDC-42A3-9474-1A3956D46DE8}") = "2-Consumer", "2-Consumer", "{9C84317D-1D8F-46EA-99E2-E8C70479C195}"
EndProject
Project("{2150E333-8FDC-42A3-9474-1A3956D46DE8}") = "1-Producer-Fanout", "1-Producer-Fanout", "{5A96CEEC-5C3C-4D6F-B400-34A632D4C529}"
EndProject
Project("{9A19103F-16F7-4668-BE54-9A1E7A4F7556}") = "Producer-Direct", "Producer-Direct\Producer-Direct.csproj", "{991C7949-CEA5-4960-B570-6210F2A99015}"
EndProject
Project("{2150E333-8FDC-42A3-9474-1A3956D46DE8}") = "1-Producer-Direct", "1-Producer-Direct", "{8E4DB8D4-060D-4A4F-B80F-0B39957AF050}"
EndProject
Project("{9A19103F-16F7-4668-BE54-9A1E7A4F7556}") = "Consumer-Direct", "Consumer-Direct\Consumer-Direct.csproj", "{D4FCEBF0-76E2-41E9-94EB-2E67A51EE213}"
EndProject
Project("{9A19103F-16F7-4668-BE54-9A1E7A4F7556}") = "Producer-Topic", "Producer-Topic\Producer-Topic.csproj", "{D205CADA-D654-4120-913D-5560F810A0B3}"
EndProject
Project("{2150E333-8FDC-42A3-9474-1A3956D46DE8}") = "1-Producer-Topic", "1-Producer-Topic", "{4C2A295F-6B12-4423-B043-892739FCC4EE}"
EndProject
Project("{9A19103F-16F7-4668-BE54-9A1E7A4F7556}") = "Producer-Header", "Producer-Header\Producer-Header.csproj", "{C13D68EE-6210-400F-8142-43DB0EF1C6B7}"
EndProject
Project("{2150E333-8FDC-42A3-9474-1A3956D46DE8}") = "1-Producer-Header", "1-Producer-Header", "{D9D03324-A7B7-4570-A2ED-72E3B5815012}"
EndProject
Project("{9A19103F-16F7-4668-BE54-9A1E7A4F7556}") = "Consumer-Dead-Letter", "Consumer-Dead-Letter\Consumer-Dead-Letter.csproj", "{069A2B1A-C5E0-4A1E-A365-CC39177306EB}"
EndProject
Project("{2150E333-8FDC-42A3-9474-1A3956D46DE8}") = "2-Conseumer-Dead-Letter", "2-Conseumer-Dead-Letter", "{BC709990-8B36-45AE-BCE8-86C4645E68A2}"
EndProject
Project("{FAE04EC0-301F-11D3-BF4B-00C04F79EFBC}") = "Producer-TTL", "Producer-TTL\Producer-TTL.csproj", "{16835FAD-D102-43C0-BAA2-A6133F2FF262}"
EndProject
Project("{2150E333-8FDC-42A3-9474-1A3956D46DE8}") = "1-Producer-Com-TTL", "1-Producer-Com-TTL", "{01F902A5-0144-4770-876D-CCEC0312957D}"
EndProject
Global
	GlobalSection(SolutionConfigurationPlatforms) = preSolution
		Debug|Any CPU = Debug|Any CPU
		Release|Any CPU = Release|Any CPU
	EndGlobalSection
	GlobalSection(ProjectConfigurationPlatforms) = postSolution
		{4EE837F1-E20E-4EF6-895A-E66A1EC81B35}.Debug|Any CPU.ActiveCfg = Debug|Any CPU
		{4EE837F1-E20E-4EF6-895A-E66A1EC81B35}.Debug|Any CPU.Build.0 = Debug|Any CPU
		{4EE837F1-E20E-4EF6-895A-E66A1EC81B35}.Release|Any CPU.ActiveCfg = Release|Any CPU
		{4EE837F1-E20E-4EF6-895A-E66A1EC81B35}.Release|Any CPU.Build.0 = Release|Any CPU
		{A1BBA2FD-7504-4606-841D-4915281CC874}.Debug|Any CPU.ActiveCfg = Debug|Any CPU
		{A1BBA2FD-7504-4606-841D-4915281CC874}.Debug|Any CPU.Build.0 = Debug|Any CPU
		{A1BBA2FD-7504-4606-841D-4915281CC874}.Release|Any CPU.ActiveCfg = Release|Any CPU
		{A1BBA2FD-7504-4606-841D-4915281CC874}.Release|Any CPU.Build.0 = Release|Any CPU
		{A81E4E64-9331-4F34-B577-565251CC3DDB}.Debug|Any CPU.ActiveCfg = Debug|Any CPU
		{A81E4E64-9331-4F34-B577-565251CC3DDB}.Debug|Any CPU.Build.0 = Debug|Any CPU
		{A81E4E64-9331-4F34-B577-565251CC3DDB}.Release|Any CPU.ActiveCfg = Release|Any CPU
		{A81E4E64-9331-4F34-B577-565251CC3DDB}.Release|Any CPU.Build.0 = Release|Any CPU
		{991C7949-CEA5-4960-B570-6210F2A99015}.Debug|Any CPU.ActiveCfg = Debug|Any CPU
		{991C7949-CEA5-4960-B570-6210F2A99015}.Debug|Any CPU.Build.0 = Debug|Any CPU
		{991C7949-CEA5-4960-B570-6210F2A99015}.Release|Any CPU.ActiveCfg = Release|Any CPU
		{991C7949-CEA5-4960-B570-6210F2A99015}.Release|Any CPU.Build.0 = Release|Any CPU
		{D4FCEBF0-76E2-41E9-94EB-2E67A51EE213}.Debug|Any CPU.ActiveCfg = Debug|Any CPU
		{D4FCEBF0-76E2-41E9-94EB-2E67A51EE213}.Debug|Any CPU.Build.0 = Debug|Any CPU
		{D4FCEBF0-76E2-41E9-94EB-2E67A51EE213}.Release|Any CPU.ActiveCfg = Release|Any CPU
		{D4FCEBF0-76E2-41E9-94EB-2E67A51EE213}.Release|Any CPU.Build.0 = Release|Any CPU
		{D205CADA-D654-4120-913D-5560F810A0B3}.Debug|Any CPU.ActiveCfg = Debug|Any CPU
		{D205CADA-D654-4120-913D-5560F810A0B3}.Debug|Any CPU.Build.0 = Debug|Any CPU
		{D205CADA-D654-4120-913D-5560F810A0B3}.Release|Any CPU.ActiveCfg = Release|Any CPU
		{D205CADA-D654-4120-913D-5560F810A0B3}.Release|Any CPU.Build.0 = Release|Any CPU
		{C13D68EE-6210-400F-8142-43DB0EF1C6B7}.Debug|Any CPU.ActiveCfg = Debug|Any CPU
		{C13D68EE-6210-400F-8142-43DB0EF1C6B7}.Debug|Any CPU.Build.0 = Debug|Any CPU
		{C13D68EE-6210-400F-8142-43DB0EF1C6B7}.Release|Any CPU.ActiveCfg = Release|Any CPU
		{C13D68EE-6210-400F-8142-43DB0EF1C6B7}.Release|Any CPU.Build.0 = Release|Any CPU
		{069A2B1A-C5E0-4A1E-A365-CC39177306EB}.Debug|Any CPU.ActiveCfg = Debug|Any CPU
		{069A2B1A-C5E0-4A1E-A365-CC39177306EB}.Debug|Any CPU.Build.0 = Debug|Any CPU
		{069A2B1A-C5E0-4A1E-A365-CC39177306EB}.Release|Any CPU.ActiveCfg = Release|Any CPU
		{069A2B1A-C5E0-4A1E-A365-CC39177306EB}.Release|Any CPU.Build.0 = Release|Any CPU
		{16835FAD-D102-43C0-BAA2-A6133F2FF262}.Debug|Any CPU.ActiveCfg = Debug|Any CPU
		{16835FAD-D102-43C0-BAA2-A6133F2FF262}.Debug|Any CPU.Build.0 = Debug|Any CPU
		{16835FAD-D102-43C0-BAA2-A6133F2FF262}.Release|Any CPU.ActiveCfg = Release|Any CPU
		{16835FAD-D102-43C0-BAA2-A6133F2FF262}.Release|Any CPU.Build.0 = Release|Any CPU
	EndGlobalSection
	GlobalSection(SolutionProperties) = preSolution
		HideSolutionNode = FALSE
	EndGlobalSection
	GlobalSection(NestedProjects) = preSolution
		{4EE837F1-E20E-4EF6-895A-E66A1EC81B35} = {50AF2D04-3733-40DA-A32C-F05B366D76E3}
		{A1BBA2FD-7504-4606-841D-4915281CC874} = {9C84317D-1D8F-46EA-99E2-E8C70479C195}
		{A81E4E64-9331-4F34-B577-565251CC3DDB} = {5A96CEEC-5C3C-4D6F-B400-34A632D4C529}
		{991C7949-CEA5-4960-B570-6210F2A99015} = {8E4DB8D4-060D-4A4F-B80F-0B39957AF050}
		{D4FCEBF0-76E2-41E9-94EB-2E67A51EE213} = {8E4DB8D4-060D-4A4F-B80F-0B39957AF050}
		{D205CADA-D654-4120-913D-5560F810A0B3} = {4C2A295F-6B12-4423-B043-892739FCC4EE}
		{C13D68EE-6210-400F-8142-43DB0EF1C6B7} = {D9D03324-A7B7-4570-A2ED-72E3B5815012}
		{069A2B1A-C5E0-4A1E-A365-CC39177306EB} = {BC709990-8B36-45AE-BCE8-86C4645E68A2}
		{16835FAD-D102-43C0-BAA2-A6133F2FF262} = {01F902A5-0144-4770-876D-CCEC0312957D}
	EndGlobalSection
	GlobalSection(ExtensibilityGlobals) = postSolution
		SolutionGuid = {A916613E-FA0C-43CB-B9EC-2D91A3EBFDE6}
	EndGlobalSection
EndGlobal
